
Microsoft Visual Studio Solution File, Format Version 12.00
Project("{FAE04EC0-301F-11D3-BF4B-00C04F79EFBC}") = "CsvGrep.CSharp", "CsvGrep.CSharp\CsvGrep.CSharp.csproj", "{C56886CB-32F5-4CED-9FA2-59D100DDDBD2}"
EndProject
Project("{FAE04EC0-301F-11D3-BF4B-00C04F79EFBC}") = "CsvGrep.CSharp.Tests", "CsvGrep.CSharp.Tests\CsvGrep.CSharp.Tests.csproj", "{B724020E-78A9-458C-92BC-2ACE636C98FD}"
EndProject
Project("{F2A71F9B-5D33-465A-A702-920D77279786}") = "CsvGrep.FSharp", "CsvGrep.FSharp\CsvGrep.FSharp.fsproj", "{63119310-F44E-46BA-95E1-A9DDC3A0DA5E}"
EndProject
Global
	GlobalSection(SolutionConfigurationPlatforms) = preSolution
		Debug|Any CPU = Debug|Any CPU
		Release|Any CPU = Release|Any CPU
	EndGlobalSection
	GlobalSection(ProjectConfigurationPlatforms) = postSolution
		{C56886CB-32F5-4CED-9FA2-59D100DDDBD2}.Debug|Any CPU.ActiveCfg = Debug|Any CPU
		{C56886CB-32F5-4CED-9FA2-59D100DDDBD2}.Debug|Any CPU.Build.0 = Debug|Any CPU
		{C56886CB-32F5-4CED-9FA2-59D100DDDBD2}.Release|Any CPU.ActiveCfg = Release|Any CPU
		{C56886CB-32F5-4CED-9FA2-59D100DDDBD2}.Release|Any CPU.Build.0 = Release|Any CPU
		{B724020E-78A9-458C-92BC-2ACE636C98FD}.Debug|Any CPU.ActiveCfg = Debug|Any CPU
		{B724020E-78A9-458C-92BC-2ACE636C98FD}.Debug|Any CPU.Build.0 = Debug|Any CPU
		{B724020E-78A9-458C-92BC-2ACE636C98FD}.Release|Any CPU.ActiveCfg = Release|Any CPU
		{B724020E-78A9-458C-92BC-2ACE636C98FD}.Release|Any CPU.Build.0 = Release|Any CPU
		{63119310-F44E-46BA-95E1-A9DDC3A0DA5E}.Debug|Any CPU.ActiveCfg = Debug|Any CPU
		{63119310-F44E-46BA-95E1-A9DDC3A0DA5E}.Debug|Any CPU.Build.0 = Debug|Any CPU
		{63119310-F44E-46BA-95E1-A9DDC3A0DA5E}.Release|Any CPU.ActiveCfg = Release|Any CPU
		{63119310-F44E-46BA-95E1-A9DDC3A0DA5E}.Release|Any CPU.Build.0 = Release|Any CPU
	EndGlobalSection
EndGlobal
